
Microsoft Visual Studio Solution File, Format Version 12.00
# Visual Studio 15
VisualStudioVersion = 15.0.28307.329
MinimumVisualStudioVersion = 10.0.40219.1
Project("{8BC9CEB8-8B4A-11D0-8D11-00A0C91BC942}") = "SDL_Engine", "..\common\SDL_Engine\SDL_Engine\SDL_Engine.vcxproj", "{D44AA05B-9DEB-4CE9-971A-C03F2FE88837}"
EndProject
Project("{8BC9CEB8-8B4A-11D0-8D11-00A0C91BC942}") = "libbox2d", "..\common\Box2D\proj.win32\libbox2d.vcxproj", "{929480E7-23C0-4DF6-8456-096D71547116}"
EndProject
Project("{8BC9CEB8-8B4A-11D0-8D11-00A0C91BC942}") = "FishingJoy", "FishingJoy\FishingJoy.vcxproj", "{9955D2F4-0DBB-4CFF-9D11-79E7BCC33F00}"
	ProjectSection(ProjectDependencies) = postProject
		{D44AA05B-9DEB-4CE9-971A-C03F2FE88837} = {D44AA05B-9DEB-4CE9-971A-C03F2FE88837}
	EndProjectSection
EndProject
Global
	GlobalSection(SolutionConfigurationPlatforms) = preSolution
		Debug|Win32 = Debug|Win32
		Release|Win32 = Release|Win32
	EndGlobalSection
	GlobalSection(ProjectConfigurationPlatforms) = postSolution
		{D44AA05B-9DEB-4CE9-971A-C03F2FE88837}.Debug|Win32.ActiveCfg = Debug|Win32
		{D44AA05B-9DEB-4CE9-971A-C03F2FE88837}.Debug|Win32.Build.0 = Debug|Win32
		{D44AA05B-9DEB-4CE9-971A-C03F2FE88837}.Release|Win32.ActiveCfg = Release|Win32
		{D44AA05B-9DEB-4CE9-971A-C03F2FE88837}.Release|Win32.Build.0 = Release|Win32
		{929480E7-23C0-4DF6-8456-096D71547116}.Debug|Win32.ActiveCfg = Debug|Win32
		{929480E7-23C0-4DF6-8456-096D71547116}.Debug|Win32.Build.0 = Debug|Win32
		{929480E7-23C0-4DF6-8456-096D71547116}.Release|Win32.ActiveCfg = Release|Win32
		{929480E7-23C0-4DF6-8456-096D71547116}.Release|Win32.Build.0 = Release|Win32
		{9955D2F4-0DBB-4CFF-9D11-79E7BCC33F00}.Debug|Win32.ActiveCfg = Debug|Win32
		{9955D2F4-0DBB-4CFF-9D11-79E7BCC33F00}.Debug|Win32.Build.0 = Debug|Win32
		{9955D2F4-0DBB-4CFF-9D11-79E7BCC33F00}.Release|Win32.ActiveCfg = Release|Win32
		{9955D2F4-0DBB-4CFF-9D11-79E7BCC33F00}.Release|Win32.Build.0 = Release|Win32
	EndGlobalSection
	GlobalSection(SolutionProperties) = preSolution
		HideSolutionNode = FALSE
	EndGlobalSection
	GlobalSection(ExtensibilityGlobals) = postSolution
		SolutionGuid = {B4BB5CC6-CB8B-492A-9175-0B4F2E7C8B4C}
	EndGlobalSection
EndGlobal
